
Microsoft Visual Studio Solution File, Format Version 12.00
# Visual Studio 15
VisualStudioVersion = 15.0.28307.329
MinimumVisualStudioVersion = 10.0.40219.1
Project("{FAE04EC0-301F-11D3-BF4B-00C04F79EFBC}") = "ProductCatalogAPI", "ProductCatalogAPI\ProductCatalogAPI.csproj", "{C9649510-0089-4858-9370-E743ABDD126B}"
EndProject
Global
	GlobalSection(SolutionConfigurationPlatforms) = preSolution
		Debug|Any CPU = Debug|Any CPU
		Release|Any CPU = Release|Any CPU
	EndGlobalSection
	GlobalSection(ProjectConfigurationPlatforms) = postSolution
		{C9649510-0089-4858-9370-E743ABDD126B}.Debug|Any CPU.ActiveCfg = Debug|Any CPU
		{C9649510-0089-4858-9370-E743ABDD126B}.Debug|Any CPU.Build.0 = Debug|Any CPU
		{C9649510-0089-4858-9370-E743ABDD126B}.Release|Any CPU.ActiveCfg = Release|Any CPU
		{C9649510-0089-4858-9370-E743ABDD126B}.Release|Any CPU.Build.0 = Release|Any CPU
	EndGlobalSection
	GlobalSection(SolutionProperties) = preSolution
		HideSolutionNode = FALSE
	EndGlobalSection
	GlobalSection(ExtensibilityGlobals) = postSolution
		SolutionGuid = {C8447763-E7B6-4945-9610-099B8C2CCF67}
	EndGlobalSection
EndGlobal
